
Microsoft Visual Studio Solution File, Format Version 12.00
# Visual Studio Version 17
VisualStudioVersion = 17.3.32901.215
MinimumVisualStudioVersion = 10.0.40219.1
Project("{FAE04EC0-301F-11D3-BF4B-00C04F79EFBC}") = "CalculatorService", "CalculatorService\CalculatorService.csproj", "{7DC1CC2F-9C5F-4C22-8DB2-61FD5F340797}"
EndProject
Project("{FAE04EC0-301F-11D3-BF4B-00C04F79EFBC}") = "CalculatorDmain", "CalculatorDmain\CalculatorDmain.csproj", "{B4CDBF85-047E-41C3-9DF7-EECFA0E8F6EE}"
EndProject
Global
	GlobalSection(SolutionConfigurationPlatforms) = preSolution
		Debug|Any CPU = Debug|Any CPU
		Release|Any CPU = Release|Any CPU
	EndGlobalSection
	GlobalSection(ProjectConfigurationPlatforms) = postSolution
		{7DC1CC2F-9C5F-4C22-8DB2-61FD5F340797}.Debug|Any CPU.ActiveCfg = Debug|Any CPU
		{7DC1CC2F-9C5F-4C22-8DB2-61FD5F340797}.Debug|Any CPU.Build.0 = Debug|Any CPU
		{7DC1CC2F-9C5F-4C22-8DB2-61FD5F340797}.Release|Any CPU.ActiveCfg = Release|Any CPU
		{7DC1CC2F-9C5F-4C22-8DB2-61FD5F340797}.Release|Any CPU.Build.0 = Release|Any CPU
		{B4CDBF85-047E-41C3-9DF7-EECFA0E8F6EE}.Debug|Any CPU.ActiveCfg = Debug|Any CPU
		{B4CDBF85-047E-41C3-9DF7-EECFA0E8F6EE}.Debug|Any CPU.Build.0 = Debug|Any CPU
		{B4CDBF85-047E-41C3-9DF7-EECFA0E8F6EE}.Release|Any CPU.ActiveCfg = Release|Any CPU
		{B4CDBF85-047E-41C3-9DF7-EECFA0E8F6EE}.Release|Any CPU.Build.0 = Release|Any CPU
	EndGlobalSection
	GlobalSection(SolutionProperties) = preSolution
		HideSolutionNode = FALSE
	EndGlobalSection
	GlobalSection(ExtensibilityGlobals) = postSolution
		SolutionGuid = {816E1427-6B9E-4066-A46C-E87545641EF9}
	EndGlobalSection
EndGlobal
